
Microsoft Visual Studio Solution File, Format Version 12.00
# Visual Studio 15
VisualStudioVersion = 15.0.28307.421
MinimumVisualStudioVersion = 10.0.40219.1
Project("{FAE04EC0-301F-11D3-BF4B-00C04F79EFBC}") = "TotalHealth", "TotalHealth\TotalHealth.csproj", "{0CE45D76-865E-4673-840B-6C597EE357AB}"
EndProject
Global
	GlobalSection(SolutionConfigurationPlatforms) = preSolution
		Debug|Any CPU = Debug|Any CPU
		Release|Any CPU = Release|Any CPU
	EndGlobalSection
	GlobalSection(ProjectConfigurationPlatforms) = postSolution
		{0CE45D76-865E-4673-840B-6C597EE357AB}.Debug|Any CPU.ActiveCfg = Debug|Any CPU
		{0CE45D76-865E-4673-840B-6C597EE357AB}.Debug|Any CPU.Build.0 = Debug|Any CPU
		{0CE45D76-865E-4673-840B-6C597EE357AB}.Release|Any CPU.ActiveCfg = Release|Any CPU
		{0CE45D76-865E-4673-840B-6C597EE357AB}.Release|Any CPU.Build.0 = Release|Any CPU
	EndGlobalSection
	GlobalSection(SolutionProperties) = preSolution
		HideSolutionNode = FALSE
	EndGlobalSection
	GlobalSection(ExtensibilityGlobals) = postSolution
		SolutionGuid = {92AFB3E7-797B-43D2-A6B1-58AE92BC813E}
	EndGlobalSection
EndGlobal
